
Microsoft Visual Studio Solution File, Format Version 12.00
# Visual Studio Version 17
VisualStudioVersion = 17.2.32526.322
MinimumVisualStudioVersion = 10.0.40219.1
Project("{2150E333-8FDC-42A3-9474-1A3956D46DE8}") = "I.DataAccess", "I.DataAccess", "{DAB4B62D-A03B-494C-9FC1-4E65D2EAE7E1}"
EndProject
Project("{2150E333-8FDC-42A3-9474-1A3956D46DE8}") = "II.BussinessLogic", "II.BussinessLogic", "{DB7E3033-4D4F-4026-8704-0392D369A796}"
EndProject
Project("{2150E333-8FDC-42A3-9474-1A3956D46DE8}") = "III.Presentation", "III.Presentation", "{DBE729DA-189E-43A3-A8C6-7DA969F8408E}"
EndProject
Project("{9A19103F-16F7-4668-BE54-9A1E7A4F7556}") = "IGT.Data", "IGT.Data\IGT.Data.csproj", "{59879E48-E196-4BF0-A771-83432E759885}"
EndProject
Project("{9A19103F-16F7-4668-BE54-9A1E7A4F7556}") = "IGT.Repository", "IGR.Repository\IGT.Repository.csproj", "{124847F8-21A9-42DA-A136-6B5656D787FF}"
EndProject
Project("{9A19103F-16F7-4668-BE54-9A1E7A4F7556}") = "IGT.Core", "IGT.Core\IGT.Core.csproj", "{5838F682-DD7D-4966-9194-BE07BC14C496}"
EndProject
Project("{9A19103F-16F7-4668-BE54-9A1E7A4F7556}") = "IGT.Service", "IGT.Service\IGT.Service.csproj", "{55B0B3BA-CB3C-4DA9-AFAB-64E0D49B4E9E}"
EndProject
Project("{9A19103F-16F7-4668-BE54-9A1E7A4F7556}") = "IGT.Api", "IGT.Api\IGT.Api.csproj", "{854F087E-0580-4974-A2F3-E6D2AFAEB77E}"
EndProject
Project("{54A90642-561A-4BB1-A94E-469ADEE60C69}") = "IGT.front", "IGT.front\IGT.front.esproj", "{17CF7BF7-A8AB-46D2-A269-19122B0189E3}"
EndProject
Global
	GlobalSection(SolutionConfigurationPlatforms) = preSolution
		Debug|Any CPU = Debug|Any CPU
		Release|Any CPU = Release|Any CPU
	EndGlobalSection
	GlobalSection(ProjectConfigurationPlatforms) = postSolution
		{59879E48-E196-4BF0-A771-83432E759885}.Debug|Any CPU.ActiveCfg = Debug|Any CPU
		{59879E48-E196-4BF0-A771-83432E759885}.Debug|Any CPU.Build.0 = Debug|Any CPU
		{59879E48-E196-4BF0-A771-83432E759885}.Release|Any CPU.ActiveCfg = Release|Any CPU
		{59879E48-E196-4BF0-A771-83432E759885}.Release|Any CPU.Build.0 = Release|Any CPU
		{124847F8-21A9-42DA-A136-6B5656D787FF}.Debug|Any CPU.ActiveCfg = Debug|Any CPU
		{124847F8-21A9-42DA-A136-6B5656D787FF}.Debug|Any CPU.Build.0 = Debug|Any CPU
		{124847F8-21A9-42DA-A136-6B5656D787FF}.Release|Any CPU.ActiveCfg = Release|Any CPU
		{124847F8-21A9-42DA-A136-6B5656D787FF}.Release|Any CPU.Build.0 = Release|Any CPU
		{5838F682-DD7D-4966-9194-BE07BC14C496}.Debug|Any CPU.ActiveCfg = Debug|Any CPU
		{5838F682-DD7D-4966-9194-BE07BC14C496}.Debug|Any CPU.Build.0 = Debug|Any CPU
		{5838F682-DD7D-4966-9194-BE07BC14C496}.Release|Any CPU.ActiveCfg = Release|Any CPU
		{5838F682-DD7D-4966-9194-BE07BC14C496}.Release|Any CPU.Build.0 = Release|Any CPU
		{55B0B3BA-CB3C-4DA9-AFAB-64E0D49B4E9E}.Debug|Any CPU.ActiveCfg = Debug|Any CPU
		{55B0B3BA-CB3C-4DA9-AFAB-64E0D49B4E9E}.Debug|Any CPU.Build.0 = Debug|Any CPU
		{55B0B3BA-CB3C-4DA9-AFAB-64E0D49B4E9E}.Release|Any CPU.ActiveCfg = Release|Any CPU
		{55B0B3BA-CB3C-4DA9-AFAB-64E0D49B4E9E}.Release|Any CPU.Build.0 = Release|Any CPU
		{854F087E-0580-4974-A2F3-E6D2AFAEB77E}.Debug|Any CPU.ActiveCfg = Debug|Any CPU
		{854F087E-0580-4974-A2F3-E6D2AFAEB77E}.Debug|Any CPU.Build.0 = Debug|Any CPU
		{854F087E-0580-4974-A2F3-E6D2AFAEB77E}.Release|Any CPU.ActiveCfg = Release|Any CPU
		{854F087E-0580-4974-A2F3-E6D2AFAEB77E}.Release|Any CPU.Build.0 = Release|Any CPU
		{17CF7BF7-A8AB-46D2-A269-19122B0189E3}.Debug|Any CPU.ActiveCfg = Debug|Any CPU
		{17CF7BF7-A8AB-46D2-A269-19122B0189E3}.Debug|Any CPU.Build.0 = Debug|Any CPU
		{17CF7BF7-A8AB-46D2-A269-19122B0189E3}.Debug|Any CPU.Deploy.0 = Debug|Any CPU
		{17CF7BF7-A8AB-46D2-A269-19122B0189E3}.Release|Any CPU.ActiveCfg = Release|Any CPU
		{17CF7BF7-A8AB-46D2-A269-19122B0189E3}.Release|Any CPU.Build.0 = Release|Any CPU
		{17CF7BF7-A8AB-46D2-A269-19122B0189E3}.Release|Any CPU.Deploy.0 = Release|Any CPU
	EndGlobalSection
	GlobalSection(SolutionProperties) = preSolution
		HideSolutionNode = FALSE
	EndGlobalSection
	GlobalSection(NestedProjects) = preSolution
		{59879E48-E196-4BF0-A771-83432E759885} = {DAB4B62D-A03B-494C-9FC1-4E65D2EAE7E1}
		{124847F8-21A9-42DA-A136-6B5656D787FF} = {DAB4B62D-A03B-494C-9FC1-4E65D2EAE7E1}
		{5838F682-DD7D-4966-9194-BE07BC14C496} = {DB7E3033-4D4F-4026-8704-0392D369A796}
		{55B0B3BA-CB3C-4DA9-AFAB-64E0D49B4E9E} = {DB7E3033-4D4F-4026-8704-0392D369A796}
		{854F087E-0580-4974-A2F3-E6D2AFAEB77E} = {DBE729DA-189E-43A3-A8C6-7DA969F8408E}
		{17CF7BF7-A8AB-46D2-A269-19122B0189E3} = {DBE729DA-189E-43A3-A8C6-7DA969F8408E}
	EndGlobalSection
	GlobalSection(ExtensibilityGlobals) = postSolution
		SolutionGuid = {95DA186C-5704-4AAA-B7AB-8B8B2DD8ADC0}
	EndGlobalSection
EndGlobal
